
Microsoft Visual Studio Solution File, Format Version 12.00
# Visual Studio Version 16
VisualStudioVersion = 16.0.28803.352
MinimumVisualStudioVersion = 10.0.40219.1
Project("{9A19103F-16F7-4668-BE54-9A1E7A4F7556}") = "pdsazurefunctionfundingfeedreader", "pds-azurefunction-fundingfeedreader\pdsazurefunctionfundingfeedreader.csproj", "{A103DD28-6271-4BFB-AD5E-0F74FA329628}"
EndProject
Project("{9A19103F-16F7-4668-BE54-9A1E7A4F7556}") = "CorporateSchema", "CorporateSchema\CorporateSchema.csproj", "{3A2761E3-4B7E-4B9C-9308-E528CF81DD8C}"
EndProject
Project("{9A19103F-16F7-4668-BE54-9A1E7A4F7556}") = "ApplicationLogger", "ApplicationLogger\ApplicationLogger.csproj", "{87B7CF4F-BDA0-4871-B769-97E6B0598476}"
EndProject
Project("{9A19103F-16F7-4668-BE54-9A1E7A4F7556}") = "Clients", "Clients\Clients.csproj", "{AFCD1F46-7345-4D79-8982-62428A89B032}"
EndProject
Project("{9A19103F-16F7-4668-BE54-9A1E7A4F7556}") = "Domain", "Domain\Domain.csproj", "{57671F4A-E0B6-4232-B7DF-C32888000F44}"
EndProject
Project("{FAE04EC0-301F-11D3-BF4B-00C04F79EFBC}") = "Test", "Test\Test.csproj", "{3AB33C78-11DC-4F73-AFFC-C3EF8C7196B6}"
EndProject
Global
	GlobalSection(SolutionConfigurationPlatforms) = preSolution
		Debug|Any CPU = Debug|Any CPU
		Release|Any CPU = Release|Any CPU
	EndGlobalSection
	GlobalSection(ProjectConfigurationPlatforms) = postSolution
		{A103DD28-6271-4BFB-AD5E-0F74FA329628}.Debug|Any CPU.ActiveCfg = Debug|Any CPU
		{A103DD28-6271-4BFB-AD5E-0F74FA329628}.Debug|Any CPU.Build.0 = Debug|Any CPU
		{A103DD28-6271-4BFB-AD5E-0F74FA329628}.Release|Any CPU.ActiveCfg = Release|Any CPU
		{A103DD28-6271-4BFB-AD5E-0F74FA329628}.Release|Any CPU.Build.0 = Release|Any CPU
		{3A2761E3-4B7E-4B9C-9308-E528CF81DD8C}.Debug|Any CPU.ActiveCfg = Debug|Any CPU
		{3A2761E3-4B7E-4B9C-9308-E528CF81DD8C}.Debug|Any CPU.Build.0 = Debug|Any CPU
		{3A2761E3-4B7E-4B9C-9308-E528CF81DD8C}.Release|Any CPU.ActiveCfg = Release|Any CPU
		{3A2761E3-4B7E-4B9C-9308-E528CF81DD8C}.Release|Any CPU.Build.0 = Release|Any CPU
		{87B7CF4F-BDA0-4871-B769-97E6B0598476}.Debug|Any CPU.ActiveCfg = Debug|Any CPU
		{87B7CF4F-BDA0-4871-B769-97E6B0598476}.Debug|Any CPU.Build.0 = Debug|Any CPU
		{87B7CF4F-BDA0-4871-B769-97E6B0598476}.Release|Any CPU.ActiveCfg = Release|Any CPU
		{87B7CF4F-BDA0-4871-B769-97E6B0598476}.Release|Any CPU.Build.0 = Release|Any CPU
		{AFCD1F46-7345-4D79-8982-62428A89B032}.Debug|Any CPU.ActiveCfg = Debug|Any CPU
		{AFCD1F46-7345-4D79-8982-62428A89B032}.Debug|Any CPU.Build.0 = Debug|Any CPU
		{AFCD1F46-7345-4D79-8982-62428A89B032}.Release|Any CPU.ActiveCfg = Release|Any CPU
		{AFCD1F46-7345-4D79-8982-62428A89B032}.Release|Any CPU.Build.0 = Release|Any CPU
		{57671F4A-E0B6-4232-B7DF-C32888000F44}.Debug|Any CPU.ActiveCfg = Debug|Any CPU
		{57671F4A-E0B6-4232-B7DF-C32888000F44}.Debug|Any CPU.Build.0 = Debug|Any CPU
		{57671F4A-E0B6-4232-B7DF-C32888000F44}.Release|Any CPU.ActiveCfg = Release|Any CPU
		{57671F4A-E0B6-4232-B7DF-C32888000F44}.Release|Any CPU.Build.0 = Release|Any CPU
		{3AB33C78-11DC-4F73-AFFC-C3EF8C7196B6}.Debug|Any CPU.ActiveCfg = Debug|Any CPU
		{3AB33C78-11DC-4F73-AFFC-C3EF8C7196B6}.Debug|Any CPU.Build.0 = Debug|Any CPU
		{3AB33C78-11DC-4F73-AFFC-C3EF8C7196B6}.Release|Any CPU.ActiveCfg = Release|Any CPU
		{3AB33C78-11DC-4F73-AFFC-C3EF8C7196B6}.Release|Any CPU.Build.0 = Release|Any CPU
	EndGlobalSection
	GlobalSection(SolutionProperties) = preSolution
		HideSolutionNode = FALSE
	EndGlobalSection
	GlobalSection(ExtensibilityGlobals) = postSolution
		SolutionGuid = {9E5ADADB-538C-46B5-AD1C-2F1F484BB814}
	EndGlobalSection
EndGlobal
